
Microsoft Visual Studio Solution File, Format Version 12.00
# Visual Studio Version 17
VisualStudioVersion = 17.8.34309.116
MinimumVisualStudioVersion = 10.0.40219.1
Project("{FAE04EC0-301F-11D3-BF4B-00C04F79EFBC}") = "Assignment03", "Assignment03\Assignment03.csproj", "{5BE1882C-F4F6-4FC1-8718-7C9E89FED7EE}"
EndProject
Global
	GlobalSection(SolutionConfigurationPlatforms) = preSolution
		Debug|Any CPU = Debug|Any CPU
		Release|Any CPU = Release|Any CPU
	EndGlobalSection
	GlobalSection(ProjectConfigurationPlatforms) = postSolution
		{5BE1882C-F4F6-4FC1-8718-7C9E89FED7EE}.Debug|Any CPU.ActiveCfg = Debug|Any CPU
		{5BE1882C-F4F6-4FC1-8718-7C9E89FED7EE}.Debug|Any CPU.Build.0 = Debug|Any CPU
		{5BE1882C-F4F6-4FC1-8718-7C9E89FED7EE}.Release|Any CPU.ActiveCfg = Release|Any CPU
		{5BE1882C-F4F6-4FC1-8718-7C9E89FED7EE}.Release|Any CPU.Build.0 = Release|Any CPU
	EndGlobalSection
	GlobalSection(SolutionProperties) = preSolution
		HideSolutionNode = FALSE
	EndGlobalSection
	GlobalSection(ExtensibilityGlobals) = postSolution
		SolutionGuid = {D0EE96EF-902C-4ABD-8574-22FF239A6C04}
	EndGlobalSection
EndGlobal
